
Microsoft Visual Studio Solution File, Format Version 12.00
# Visual Studio 2012
Project("{FAE04EC0-301F-11D3-BF4B-00C04F79EFBC}") = "RxxSocketTest", "RxxSocketTest\RxxSocketTest.csproj", "{1C7F08BB-A054-4549-8FC5-1F2BC12162B6}"
EndProject
Project("{FAE04EC0-301F-11D3-BF4B-00C04F79EFBC}") = "RxxSocketTest.Client", "RxxSocketTest.Client\RxxSocketTest.Client.csproj", "{B8E74888-B489-48F3-A46A-73BA2AE6F544}"
EndProject
Global
	GlobalSection(SolutionConfigurationPlatforms) = preSolution
		Debug|Any CPU = Debug|Any CPU
		Release|Any CPU = Release|Any CPU
	EndGlobalSection
	GlobalSection(ProjectConfigurationPlatforms) = postSolution
		{1C7F08BB-A054-4549-8FC5-1F2BC12162B6}.Debug|Any CPU.ActiveCfg = Debug|Any CPU
		{1C7F08BB-A054-4549-8FC5-1F2BC12162B6}.Debug|Any CPU.Build.0 = Debug|Any CPU
		{1C7F08BB-A054-4549-8FC5-1F2BC12162B6}.Release|Any CPU.ActiveCfg = Release|Any CPU
		{1C7F08BB-A054-4549-8FC5-1F2BC12162B6}.Release|Any CPU.Build.0 = Release|Any CPU
		{B8E74888-B489-48F3-A46A-73BA2AE6F544}.Debug|Any CPU.ActiveCfg = Debug|Any CPU
		{B8E74888-B489-48F3-A46A-73BA2AE6F544}.Debug|Any CPU.Build.0 = Debug|Any CPU
		{B8E74888-B489-48F3-A46A-73BA2AE6F544}.Release|Any CPU.ActiveCfg = Release|Any CPU
		{B8E74888-B489-48F3-A46A-73BA2AE6F544}.Release|Any CPU.Build.0 = Release|Any CPU
	EndGlobalSection
	GlobalSection(SolutionProperties) = preSolution
		HideSolutionNode = FALSE
	EndGlobalSection
EndGlobal
